// !$*UTF8*$!
{
	archiveVersion = 1;
	classes = {
	};
	objectVersion = 46;
	objects = {

/* Begin PBXBuildFile section */
		27BCB62D18E9485F006D10CD /* Foundation.framework in Frameworks */ = {isa = PBXBuildFile; fileRef = 27BCB62C18E9485F006D10CD /* Foundation.framework */; };
		27BCB62F18E9485F006D10CD /* CoreGraphics.framework in Frameworks */ = {isa = PBXBuildFile; fileRef = 27BCB62E18E9485F006D10CD /* CoreGraphics.framework */; };
		27BCB63118E9485F006D10CD /* UIKit.framework in Frameworks */ = {isa = PBXBuildFile; fileRef = 27BCB63018E9485F006D10CD /* UIKit.framework */; };
		27BCB63718E9485F006D10CD /* InfoPlist.strings in Resources */ = {isa = PBXBuildFile; fileRef = 27BCB63518E9485F006D10CD /* InfoPlist.strings */; };
		27BCB63918E9485F006D10CD /* main.m in Sources */ = {isa = PBXBuildFile; fileRef = 27BCB63818E9485F006D10CD /* main.m */; };
		27BCB63D18E9485F006D10CD /* AppDelegate.m in Sources */ = {isa = PBXBuildFile; fileRef = 27BCB63C18E9485F006D10CD /* AppDelegate.m */; };
		27BCB64018E9485F006D10CD /* Main.storyboard in Resources */ = {isa = PBXBuildFile; fileRef = 27BCB63E18E9485F006D10CD /* Main.storyboard */; };
		27BCB64318E9485F006D10CD /* ViewController.m in Sources */ = {isa = PBXBuildFile; fileRef = 27BCB64218E9485F006D10CD /* ViewController.m */; };
		27BCB64518E9485F006D10CD /* Images.xcassets in Resources */ = {isa = PBXBuildFile; fileRef = 27BCB64418E9485F006D10CD /* Images.xcassets */; };
		27BCB64C18E9485F006D10CD /* XCTest.framework in Frameworks */ = {isa = PBXBuildFile; fileRef = 27BCB64B18E9485F006D10CD /* XCTest.framework */; };
		27BCB64D18E9485F006D10CD /* Foundation.framework in Frameworks */ = {isa = PBXBuildFile; fileRef = 27BCB62C18E9485F006D10CD /* Foundation.framework */; };
		27BCB64E18E9485F006D10CD /* UIKit.framework in Frameworks */ = {isa = PBXBuildFile; fileRef = 27BCB63018E9485F006D10CD /* UIKit.framework */; };
		27BCB65618E9485F006D10CD /* InfoPlist.strings in Resources */ = {isa = PBXBuildFile; fileRef = 27BCB65418E9485F006D10CD /* InfoPlist.strings */; };
		27BCB65818E9485F006D10CD /* VerySillyTests.m in Sources */ = {isa = PBXBuildFile; fileRef = 27BCB65718E9485F006D10CD /* VerySillyTests.m */; };
/* End PBXBuildFile section */

/* Begin PBXContainerItemProxy section */
		27BCB64F18E9485F006D10CD /* PBXContainerItemProxy */ = {
			isa = PBXContainerItemProxy;
			containerPortal = 27BCB62118E9485F006D10CD /* Project object */;
			proxyType = 1;
			remoteGlobalIDString = 27BCB62818E9485F006D10CD;
			remoteInfo = VerySilly;
		};
/* End PBXContainerItemProxy section */

/* Begin PBXFileReference section */
		27BCB62918E9485F006D10CD /* VerySilly.app */ = {isa = PBXFileReference; explicitFileType = wrapper.application; includeInIndex = 0; path = VerySilly.app; sourceTree = BUILT_PRODUCTS_DIR; };
		27BCB62C18E9485F006D10CD /* Foundation.framework */ = {isa = PBXFileReference; lastKnownFileType = wrapper.framework; name = Foundation.framework; path = System/Library/Frameworks/Foundation.framework; sourceTree = SDKROOT; };
		27BCB62E18E9485F006D10CD /* CoreGraphics.framework */ = {isa = PBXFileReference; lastKnownFileType = wrapper.framework; name = CoreGraphics.framework; path = System/Library/Frameworks/CoreGraphics.framework; sourceTree = SDKROOT; };
		27BCB63018E9485F006D10CD /* UIKit.framework */ = {isa = PBXFileReference; lastKnownFileType = wrapper.framework; name = UIKit.framework; path = System/Library/Frameworks/UIKit.framework; sourceTree = SDKROOT; };
		27BCB63418E9485F006D10CD /* VerySilly-Info.plist */ = {isa = PBXFileReference; lastKnownFileType = text.plist.xml; path = "VerySilly-Info.plist"; sourceTree = "<group>"; };
		27BCB63618E9485F006D10CD /* en */ = {isa = PBXFileReference; lastKnownFileType = text.plist.strings; name = en; path = en.lproj/InfoPlist.strings; sourceTree = "<group>"; };
		27BCB63818E9485F006D10CD /* main.m */ = {isa = PBXFileReference; lastKnownFileType = sourcecode.c.objc; path = main.m; sourceTree = "<group>"; };
		27BCB63A18E9485F006D10CD /* VerySilly-Prefix.pch */ = {isa = PBXFileReference; lastKnownFileType = sourcecode.c.h; path = "VerySilly-Prefix.pch"; sourceTree = "<group>"; };
		27BCB63B18E9485F006D10CD /* AppDelegate.h */ = {isa = PBXFileReference; lastKnownFileType = sourcecode.c.h; path = AppDelegate.h; sourceTree = "<group>"; };
		27BCB63C18E9485F006D10CD /* AppDelegate.m */ = {isa = PBXFileReference; lastKnownFileType = sourcecode.c.objc; path = AppDelegate.m; sourceTree = "<group>"; };
		27BCB63F18E9485F006D10CD /* Base */ = {isa = PBXFileReference; lastKnownFileType = file.storyboard; name = Base; path = Base.lproj/Main.storyboard; sourceTree = "<group>"; };
		27BCB64118E9485F006D10CD /* ViewController.h */ = {isa = PBXFileReference; lastKnownFileType = sourcecode.c.h; path = ViewController.h; sourceTree = "<group>"; };
		27BCB64218E9485F006D10CD /* ViewController.m */ = {isa = PBXFileReference; lastKnownFileType = sourcecode.c.objc; path = ViewController.m; sourceTree = "<group>"; };
		27BCB64418E9485F006D10CD /* Images.xcassets */ = {isa = PBXFileReference; lastKnownFileType = folder.assetcatalog; path = Images.xcassets; sourceTree = "<group>"; };
		27BCB64A18E9485F006D10CD /* VerySillyTests.xctest */ = {isa = PBXFileReference; explicitFileType = wrapper.cfbundle; includeInIndex = 0; path = VerySillyTests.xctest; sourceTree = BUILT_PRODUCTS_DIR; };
		27BCB64B18E9485F006D10CD /* XCTest.framework */ = {isa = PBXFileReference; lastKnownFileType = wrapper.framework; name = XCTest.framework; path = Library/Frameworks/XCTest.framework; sourceTree = DEVELOPER_DIR; };
		27BCB65318E9485F006D10CD /* VerySillyTests-Info.plist */ = {isa = PBXFileReference; lastKnownFileType = text.plist.xml; path = "VerySillyTests-Info.plist"; sourceTree = "<group>"; };
		27BCB65518E9485F006D10CD /* en */ = {isa = PBXFileReference; lastKnownFileType = text.plist.strings; name = en; path = en.lproj/InfoPlist.strings; sourceTree = "<group>"; };
		27BCB65718E9485F006D10CD /* VerySillyTests.m */ = {isa = PBXFileReference; lastKnownFileType = sourcecode.c.objc; path = VerySillyTests.m; sourceTree = "<group>"; };
/* End PBXFileReference section */

/* Begin PBXFrameworksBuildPhase section */
		27BCB62618E9485F006D10CD /* Frameworks */ = {
			isa = PBXFrameworksBuildPhase;
			buildActionMask = 2147483647;
			files = (
				27BCB62F18E9485F006D10CD /* CoreGraphics.framework in Frameworks */,
				27BCB63118E9485F006D10CD /* UIKit.framework in Frameworks */,
				27BCB62D18E9485F006D10CD /* Foundation.framework in Frameworks */,
			);
			runOnlyForDeploymentPostprocessing = 0;
		};
		27BCB64718E9485F006D10CD /* Frameworks */ = {
			isa = PBXFrameworksBuildPhase;
			buildActionMask = 2147483647;
			files = (
				27BCB64C18E9485F006D10CD /* XCTest.framework in Frameworks */,
				27BCB64E18E9485F006D10CD /* UIKit.framework in Frameworks */,
				27BCB64D18E9485F006D10CD /* Foundation.framework in Frameworks */,
			);
			runOnlyForDeploymentPostprocessing = 0;
		};
/* End PBXFrameworksBuildPhase section */

/* Begin PBXGroup section */
		27BCB62018E9485F006D10CD = {
			isa = PBXGroup;
			children = (
				27BCB63218E9485F006D10CD /* VerySilly */,
				27BCB65118E9485F006D10CD /* VerySillyTests */,
				27BCB62B18E9485F006D10CD /* Frameworks */,
				27BCB62A18E9485F006D10CD /* Products */,
			);
			sourceTree = "<group>";
		};
		27BCB62A18E9485F006D10CD /* Products */ = {
			isa = PBXGroup;
			children = (
				27BCB62918E9485F006D10CD /* VerySilly.app */,
				27BCB64A18E9485F006D10CD /* VerySillyTests.xctest */,
			);
			name = Products;
			sourceTree = "<group>";
		};
		27BCB62B18E9485F006D10CD /* Frameworks */ = {
			isa = PBXGroup;
			children = (
				27BCB62C18E9485F006D10CD /* Foundation.framework */,
				27BCB62E18E9485F006D10CD /* CoreGraphics.framework */,
				27BCB63018E9485F006D10CD /* UIKit.framework */,
				27BCB64B18E9485F006D10CD /* XCTest.framework */,
			);
			name = Frameworks;
			sourceTree = "<group>";
		};
		27BCB63218E9485F006D10CD /* VerySilly */ = {
			isa = PBXGroup;
			children = (
				27BCB63B18E9485F006D10CD /* AppDelegate.h */,
				27BCB63C18E9485F006D10CD /* AppDelegate.m */,
				27BCB63E18E9485F006D10CD /* Main.storyboard */,
				27BCB64118E9485F006D10CD /* ViewController.h */,
				27BCB64218E9485F006D10CD /* ViewController.m */,
				27BCB64418E9485F006D10CD /* Images.xcassets */,
				27BCB63318E9485F006D10CD /* Supporting Files */,
			);
			path = VerySilly;
			sourceTree = "<group>";
		};
		27BCB63318E9485F006D10CD /* Supporting Files */ = {
			isa = PBXGroup;
			children = (
				27BCB63418E9485F006D10CD /* VerySilly-Info.plist */,
				27BCB63518E9485F006D10CD /* InfoPlist.strings */,
				27BCB63818E9485F006D10CD /* main.m */,
				27BCB63A18E9485F006D10CD /* VerySilly-Prefix.pch */,
			);
			name = "Supporting Files";
			sourceTree = "<group>";
		};
		27BCB65118E9485F006D10CD /* VerySillyTests */ = {
			isa = PBXGroup;
			children = (
				27BCB65718E9485F006D10CD /* VerySillyTests.m */,
				27BCB65218E9485F006D10CD /* Supporting Files */,
			);
			path = VerySillyTests;
			sourceTree = "<group>";
		};
		27BCB65218E9485F006D10CD /* Supporting Files */ = {
			isa = PBXGroup;
			children = (
				27BCB65318E9485F006D10CD /* VerySillyTests-Info.plist */,
				27BCB65418E9485F006D10CD /* InfoPlist.strings */,
			);
			name = "Supporting Files";
			sourceTree = "<group>";
		};
/* End PBXGroup section */

/* Begin PBXNativeTarget section */
		27BCB62818E9485F006D10CD /* VerySilly */ = {
			isa = PBXNativeTarget;
			buildConfigurationList = 27BCB65B18E9485F006D10CD /* Build configuration list for PBXNativeTarget "VerySilly" */;
			buildPhases = (
				27BCB62518E9485F006D10CD /* Sources */,
				27BCB62618E9485F006D10CD /* Frameworks */,
				27BCB62718E9485F006D10CD /* Resources */,
			);
			buildRules = (
			);
			dependencies = (
			);
			name = VerySilly;
			productName = VerySilly;
			productReference = 27BCB62918E9485F006D10CD /* VerySilly.app */;
			productType = "com.apple.product-type.application";
		};
		27BCB64918E9485F006D10CD /* VerySillyTests */ = {
			isa = PBXNativeTarget;
			buildConfigurationList = 27BCB65E18E9485F006D10CD /* Build configuration list for PBXNativeTarget "VerySillyTests" */;
			buildPhases = (
				27BCB64618E9485F006D10CD /* Sources */,
				27BCB64718E9485F006D10CD /* Frameworks */,
				27BCB64818E9485F006D10CD /* Resources */,
			);
			buildRules = (
			);
			dependencies = (
				27BCB65018E9485F006D10CD /* PBXTargetDependency */,
			);
			name = VerySillyTests;
			productName = VerySillyTests;
			productReference = 27BCB64A18E9485F006D10CD /* VerySillyTests.xctest */;
			productType = "com.apple.product-type.bundle.unit-test";
		};
/* End PBXNativeTarget section */

/* Begin PBXProject section */
		27BCB62118E9485F006D10CD /* Project object */ = {
			isa = PBXProject;
			attributes = {
				LastUpgradeCheck = 0500;
				ORGANIZATIONNAME = hzp;
				TargetAttributes = {
					27BCB64918E9485F006D10CD = {
						TestTargetID = 27BCB62818E9485F006D10CD;
					};
				};
			};
			buildConfigurationList = 27BCB62418E9485F006D10CD /* Build configuration list for PBXProject "VerySilly" */;
			compatibilityVersion = "Xcode 3.2";
			developmentRegion = English;
			hasScannedForEncodings = 0;
			knownRegions = (
				en,
				Base,
			);
			mainGroup = 27BCB62018E9485F006D10CD;
			productRefGroup = 27BCB62A18E9485F006D10CD /* Products */;
			projectDirPath = "";
			projectRoot = "";
			targets = (
				27BCB62818E9485F006D10CD /* VerySilly */,
				27BCB64918E9485F006D10CD /* VerySillyTests */,
			);
		};
/* End PBXProject section */

/* Begin PBXResourcesBuildPhase section */
		27BCB62718E9485F006D10CD /* Resources */ = {
			isa = PBXResourcesBuildPhase;
			buildActionMask = 2147483647;
			files = (
				27BCB64518E9485F006D10CD /* Images.xcassets in Resources */,
				27BCB63718E9485F006D10CD /* InfoPlist.strings in Resources */,
				27BCB64018E9485F006D10CD /* Main.storyboard in Resources */,
			);
			runOnlyForDeploymentPostprocessing = 0;
		};
		27BCB64818E9485F006D10CD /* Resources */ = {
			isa = PBXResourcesBuildPhase;
			buildActionMask = 2147483647;
			files = (
				27BCB65618E9485F006D10CD /* InfoPlist.strings in Resources */,
			);
			runOnlyForDeploymentPostprocessing = 0;
		};
/* End PBXResourcesBuildPhase section */

/* Begin PBXSourcesBuildPhase section */
		27BCB62518E9485F006D10CD /* Sources */ = {
			isa = PBXSourcesBuildPhase;
			buildActionMask = 2147483647;
			files = (
				27BCB64318E9485F006D10CD /* ViewController.m in Sources */,
				27BCB63D18E9485F006D10CD /* AppDelegate.m in Sources */,
				27BCB63918E9485F006D10CD /* main.m in Sources */,
			);
			runOnlyForDeploymentPostprocessing = 0;
		};
		27BCB64618E9485F006D10CD /* Sources */ = {
			isa = PBXSourcesBuildPhase;
			buildActionMask = 2147483647;
			files = (
				27BCB65818E9485F006D10CD /* VerySillyTests.m in Sources */,
			);
			runOnlyForDeploymentPostprocessing = 0;
		};
/* End PBXSourcesBuildPhase section */

/* Begin PBXTargetDependency section */
		27BCB65018E9485F006D10CD /* PBXTargetDependency */ = {
			isa = PBXTargetDependency;
			target = 27BCB62818E9485F006D10CD /* VerySilly */;
			targetProxy = 27BCB64F18E9485F006D10CD /* PBXContainerItemProxy */;
		};
/* End PBXTargetDependency section */

/* Begin PBXVariantGroup section */
		27BCB63518E9485F006D10CD /* InfoPlist.strings */ = {
			isa = PBXVariantGroup;
			children = (
				27BCB63618E9485F006D10CD /* en */,
			);
			name = InfoPlist.strings;
			sourceTree = "<group>";
		};
		27BCB63E18E9485F006D10CD /* Main.storyboard */ = {
			isa = PBXVariantGroup;
			children = (
				27BCB63F18E9485F006D10CD /* Base */,
			);
			name = Main.storyboard;
			sourceTree = "<group>";
		};
		27BCB65418E9485F006D10CD /* InfoPlist.strings */ = {
			isa = PBXVariantGroup;
			children = (
				27BCB65518E9485F006D10CD /* en */,
			);
			name = InfoPlist.strings;
			sourceTree = "<group>";
		};
/* End PBXVariantGroup section */

/* Begin XCBuildConfiguration section */
		27BCB65918E9485F006D10CD /* Debug */ = {
			isa = XCBuildConfiguration;
			buildSettings = {
				ALWAYS_SEARCH_USER_PATHS = NO;
				ARCHS = "$(ARCHS_STANDARD_INCLUDING_64_BIT)";
				CLANG_CXX_LANGUAGE_STANDARD = "gnu++0x";
				CLANG_CXX_LIBRARY = "libc++";
				CLANG_ENABLE_MODULES = YES;
				CLANG_ENABLE_OBJC_ARC = YES;
				CLANG_WARN_BOOL_CONVERSION = YES;
				CLANG_WARN_CONSTANT_CONVERSION = YES;
				CLANG_WARN_DIRECT_OBJC_ISA_USAGE = YES_ERROR;
				CLANG_WARN_EMPTY_BODY = YES;
				CLANG_WARN_ENUM_CONVERSION = YES;
				CLANG_WARN_INT_CONVERSION = YES;
				CLANG_WARN_OBJC_ROOT_CLASS = YES_ERROR;
				CLANG_WARN__DUPLICATE_METHOD_MATCH = YES;
				"CODE_SIGN_IDENTITY[sdk=iphoneos*]" = "iPhone Developer";
				COPY_PHASE_STRIP = NO;
				GCC_C_LANGUAGE_STANDARD = gnu99;
				GCC_DYNAMIC_NO_PIC = NO;
				GCC_OPTIMIZATION_LEVEL = 0;
				GCC_PREPROCESSOR_DEFINITIONS = (
					"DEBUG=1",
					"$(inherited)",
				);
				GCC_SYMBOLS_PRIVATE_EXTERN = NO;
				GCC_WARN_64_TO_32_BIT_CONVERSION = YES;
				GCC_WARN_ABOUT_RETURN_TYPE = YES_ERROR;
				GCC_WARN_UNDECLARED_SELECTOR = YES;
				GCC_WARN_UNINITIALIZED_AUTOS = YES;
				GCC_WARN_UNUSED_FUNCTION = YES;
				GCC_WARN_UNUSED_VARIABLE = YES;
				IPHONEOS_DEPLOYMENT_TARGET = 7.0;
				ONLY_ACTIVE_ARCH = YES;
				SDKROOT = iphoneos;
			};
			name = Debug;
		};
		27BCB65A18E9485F006D10CD /* Release */ = {
			isa = XCBuildConfiguration;
			buildSettings = {
				ALWAYS_SEARCH_USER_PATHS = NO;
				ARCHS = "$(ARCHS_STANDARD_INCLUDING_64_BIT)";
				CLANG_CXX_LANGUAGE_STANDARD = "gnu++0x";
				CLANG_CXX_LIBRARY = "libc++";
				CLANG_ENABLE_MODULES = YES;
				CLANG_ENABLE_OBJC_ARC = YES;
				CLANG_WARN_BOOL_CONVERSION = YES;
				CLANG_WARN_CONSTANT_CONVERSION = YES;
				CLANG_WARN_DIRECT_OBJC_ISA_USAGE = YES_ERROR;
				CLANG_WARN_EMPTY_BODY = YES;
				CLANG_WARN_ENUM_CONVERSION = YES;
				CLANG_WARN_INT_CONVERSION = YES;
				CLANG_WARN_OBJC_ROOT_CLASS = YES_ERROR;
				CLANG_WARN__DUPLICATE_METHOD_MATCH = YES;
				"CODE_SIGN_IDENTITY[sdk=iphoneos*]" = "iPhone Developer";
				COPY_PHASE_STRIP = YES;
				ENABLE_NS_ASSERTIONS = NO;
				GCC_C_LANGUAGE_STANDARD = gnu99;
				GCC_WARN_64_TO_32_BIT_CONVERSION = YES;
				GCC_WARN_ABOUT_RETURN_TYPE = YES_ERROR;
				GCC_WARN_UNDECLARED_SELECTOR = YES;
				GCC_WARN_UNINITIALIZED_AUTOS = YES;
				GCC_WARN_UNUSED_FUNCTION = YES;
				GCC_WARN_UNUSED_VARIABLE = YES;
				IPHONEOS_DEPLOYMENT_TARGET = 7.0;
				SDKROOT = iphoneos;
				VALIDATE_PRODUCT = YES;
			};
			name = Release;
		};
		27BCB65C18E9485F006D10CD /* Debug */ = {
			isa = XCBuildConfiguration;
			buildSettings = {
				ASSETCATALOG_COMPILER_APPICON_NAME = AppIcon;
				ASSETCATALOG_COMPILER_LAUNCHIMAGE_NAME = LaunchImage;
				GCC_PRECOMPILE_PREFIX_HEADER = YES;
				GCC_PREFIX_HEADER = "VerySilly/VerySilly-Prefix.pch";
				INFOPLIST_FILE = "VerySilly/VerySilly-Info.plist";
				PRODUCT_NAME = "$(TARGET_NAME)";
				WRAPPER_EXTENSION = app;
			};
			name = Debug;
		};
		27BCB65D18E9485F006D10CD /* Release */ = {
			isa = XCBuildConfiguration;
			buildSettings = {
				ASSETCATALOG_COMPILER_APPICON_NAME = AppIcon;
				ASSETCATALOG_COMPILER_LAUNCHIMAGE_NAME = LaunchImage;
				GCC_PRECOMPILE_PREFIX_HEADER = YES;
				GCC_PREFIX_HEADER = "VerySilly/VerySilly-Prefix.pch";
				INFOPLIST_FILE = "VerySilly/VerySilly-Info.plist";
				PRODUCT_NAME = "$(TARGET_NAME)";
				WRAPPER_EXTENSION = app;
			};
			name = Release;
		};
		27BCB65F18E9485F006D10CD /* Debug */ = {
			isa = XCBuildConfiguration;
			buildSettings = {
				ARCHS = "$(ARCHS_STANDARD_INCLUDING_64_BIT)";
				BUNDLE_LOADER = "$(BUILT_PRODUCTS_DIR)/VerySilly.app/VerySilly";
				FRAMEWORK_SEARCH_PATHS = (
					"$(SDKROOT)/Developer/Library/Frameworks",
					"$(inherited)",
					"$(DEVELOPER_FRAMEWORKS_DIR)",
				);
				GCC_PRECOMPILE_PREFIX_HEADER = YES;
				GCC_PREFIX_HEADER = "VerySilly/VerySilly-Prefix.pch";
				GCC_PREPROCESSOR_DEFINITIONS = (
					"DEBUG=1",
					"$(inherited)",
				);
				INFOPLIST_FILE = "VerySillyTests/VerySillyTests-Info.plist";
				PRODUCT_NAME = "$(TARGET_NAME)";
				TEST_HOST = "$(BUNDLE_LOADER)";
				WRAPPER_EXTENSION = xctest;
			};
			name = Debug;
		};
		27BCB66018E9485F006D10CD /* Release */ = {
			isa = XCBuildConfiguration;
			buildSettings = {
				ARCHS = "$(ARCHS_STANDARD_INCLUDING_64_BIT)";
				BUNDLE_LOADER = "$(BUILT_PRODUCTS_DIR)/VerySilly.app/VerySilly";
				FRAMEWORK_SEARCH_PATHS = (
					"$(SDKROOT)/Developer/Library/Frameworks",
					"$(inherited)",
					"$(DEVELOPER_FRAMEWORKS_DIR)",
				);
				GCC_PRECOMPILE_PREFIX_HEADER = YES;
				GCC_PREFIX_HEADER = "VerySilly/VerySilly-Prefix.pch";
				INFOPLIST_FILE = "VerySillyTests/VerySillyTests-Info.plist";
				PRODUCT_NAME = "$(TARGET_NAME)";
				TEST_HOST = "$(BUNDLE_LOADER)";
				WRAPPER_EXTENSION = xctest;
			};
			name = Release;
		};
/* End XCBuildConfiguration section */

/* Begin XCConfigurationList section */
		27BCB62418E9485F006D10CD /* Build configuration list for PBXProject "VerySilly" */ = {
			isa = XCConfigurationList;
			buildConfigurations = (
				27BCB65918E9485F006D10CD /* Debug */,
				27BCB65A18E9485F006D10CD /* Release */,
			);
			defaultConfigurationIsVisible = 0;
			defaultConfigurationName = Release;
		};
		27BCB65B18E9485F006D10CD /* Build configuration list for PBXNativeTarget "VerySilly" */ = {
			isa = XCConfigurationList;
			buildConfigurations = (
				27BCB65C18E9485F006D10CD /* Debug */,
				27BCB65D18E9485F006D10CD /* Release */,
			);
			defaultConfigurationIsVisible = 0;
		};
		27BCB65E18E9485F006D10CD /* Build configuration list for PBXNativeTarget "VerySillyTests" */ = {
			isa = XCConfigurationList;
			buildConfigurations = (
				27BCB65F18E9485F006D10CD /* Debug */,
				27BCB66018E9485F006D10CD /* Release */,
			);
			defaultConfigurationIsVisible = 0;
		};
/* End XCConfigurationList section */
	};
	rootObject = 27BCB62118E9485F006D10CD /* Project object */;
}
